
Microsoft Visual Studio Solution File, Format Version 12.00
# Visual Studio Version 16
VisualStudioVersion = 16.0.30225.117
MinimumVisualStudioVersion = 15.0.26124.0
Project("{2150E333-8FDC-42A3-9474-1A3956D46DE8}") = "src", "src", "{98E2EC1B-EDCB-43D2-A06A-199935A23FDF}"
EndProject
Project("{9A19103F-16F7-4668-BE54-9A1E7A4F7556}") = "Codecool.WasteRecycling", "src\Codecool.WasteRecycling\Codecool.WasteRecycling.csproj", "{9A4FB20B-7341-49AC-98AE-13B328316B7A}"
EndProject
Global
	GlobalSection(SolutionConfigurationPlatforms) = preSolution
		Debug|Any CPU = Debug|Any CPU
		Debug|x64 = Debug|x64
		Debug|x86 = Debug|x86
		Release|Any CPU = Release|Any CPU
		Release|x64 = Release|x64
		Release|x86 = Release|x86
	EndGlobalSection
	GlobalSection(ProjectConfigurationPlatforms) = postSolution
		{9A4FB20B-7341-49AC-98AE-13B328316B7A}.Debug|Any CPU.ActiveCfg = Debug|Any CPU
		{9A4FB20B-7341-49AC-98AE-13B328316B7A}.Debug|Any CPU.Build.0 = Debug|Any CPU
		{9A4FB20B-7341-49AC-98AE-13B328316B7A}.Debug|x64.ActiveCfg = Debug|Any CPU
		{9A4FB20B-7341-49AC-98AE-13B328316B7A}.Debug|x64.Build.0 = Debug|Any CPU
		{9A4FB20B-7341-49AC-98AE-13B328316B7A}.Debug|x86.ActiveCfg = Debug|Any CPU
		{9A4FB20B-7341-49AC-98AE-13B328316B7A}.Debug|x86.Build.0 = Debug|Any CPU
		{9A4FB20B-7341-49AC-98AE-13B328316B7A}.Release|Any CPU.ActiveCfg = Release|Any CPU
		{9A4FB20B-7341-49AC-98AE-13B328316B7A}.Release|Any CPU.Build.0 = Release|Any CPU
		{9A4FB20B-7341-49AC-98AE-13B328316B7A}.Release|x64.ActiveCfg = Release|Any CPU
		{9A4FB20B-7341-49AC-98AE-13B328316B7A}.Release|x64.Build.0 = Release|Any CPU
		{9A4FB20B-7341-49AC-98AE-13B328316B7A}.Release|x86.ActiveCfg = Release|Any CPU
		{9A4FB20B-7341-49AC-98AE-13B328316B7A}.Release|x86.Build.0 = Release|Any CPU
	EndGlobalSection
	GlobalSection(SolutionProperties) = preSolution
		HideSolutionNode = FALSE
	EndGlobalSection
	GlobalSection(NestedProjects) = preSolution
		{9A4FB20B-7341-49AC-98AE-13B328316B7A} = {98E2EC1B-EDCB-43D2-A06A-199935A23FDF}
	EndGlobalSection
	GlobalSection(ExtensibilityGlobals) = postSolution
		SolutionGuid = {3259748b-0266-4960-9ec6-b1e5e68bcf0c}
	EndGlobalSection
EndGlobal
