
Microsoft Visual Studio Solution File, Format Version 12.00
# Visual Studio Version 16
VisualStudioVersion = 16.0.30204.135
MinimumVisualStudioVersion = 15.0.26124.0
Project("{2150E333-8FDC-42A3-9474-1A3956D46DE8}") = "src", "src", "{FE6934E8-616E-4D4C-8018-507809838E96}"
EndProject
Project("{9A19103F-16F7-4668-BE54-9A1E7A4F7556}") = "Codecool.LifeOfAnts", "src\Codecool.LifeOfAnts\Codecool.LifeOfAnts.csproj", "{5EF365B1-C51C-4DF9-A41C-2B20E49B0088}"
EndProject
Project("{2150E333-8FDC-42A3-9474-1A3956D46DE8}") = "tests", "tests", "{CD7AAA55-4C5C-4709-9099-F1C84BCA850B}"
EndProject
Project("{9A19103F-16F7-4668-BE54-9A1E7A4F7556}") = "Codecool.LifeOfAnts.UnitTests", "tests\Codecool.LifeOfAnts.UnitTests\Codecool.LifeOfAnts.UnitTests.csproj", "{9BE1B917-3942-4F6E-8844-1B6E5AE57FBA}"
EndProject
Global
	GlobalSection(SolutionConfigurationPlatforms) = preSolution
		Debug|Any CPU = Debug|Any CPU
		Debug|x64 = Debug|x64
		Debug|x86 = Debug|x86
		Release|Any CPU = Release|Any CPU
		Release|x64 = Release|x64
		Release|x86 = Release|x86
	EndGlobalSection
	GlobalSection(ProjectConfigurationPlatforms) = postSolution
		{5EF365B1-C51C-4DF9-A41C-2B20E49B0088}.Debug|Any CPU.ActiveCfg = Debug|Any CPU
		{5EF365B1-C51C-4DF9-A41C-2B20E49B0088}.Debug|Any CPU.Build.0 = Debug|Any CPU
		{5EF365B1-C51C-4DF9-A41C-2B20E49B0088}.Debug|x64.ActiveCfg = Debug|Any CPU
		{5EF365B1-C51C-4DF9-A41C-2B20E49B0088}.Debug|x64.Build.0 = Debug|Any CPU
		{5EF365B1-C51C-4DF9-A41C-2B20E49B0088}.Debug|x86.ActiveCfg = Debug|Any CPU
		{5EF365B1-C51C-4DF9-A41C-2B20E49B0088}.Debug|x86.Build.0 = Debug|Any CPU
		{5EF365B1-C51C-4DF9-A41C-2B20E49B0088}.Release|Any CPU.ActiveCfg = Release|Any CPU
		{5EF365B1-C51C-4DF9-A41C-2B20E49B0088}.Release|Any CPU.Build.0 = Release|Any CPU
		{5EF365B1-C51C-4DF9-A41C-2B20E49B0088}.Release|x64.ActiveCfg = Release|Any CPU
		{5EF365B1-C51C-4DF9-A41C-2B20E49B0088}.Release|x64.Build.0 = Release|Any CPU
		{5EF365B1-C51C-4DF9-A41C-2B20E49B0088}.Release|x86.ActiveCfg = Release|Any CPU
		{5EF365B1-C51C-4DF9-A41C-2B20E49B0088}.Release|x86.Build.0 = Release|Any CPU
		{9BE1B917-3942-4F6E-8844-1B6E5AE57FBA}.Debug|Any CPU.ActiveCfg = Debug|Any CPU
		{9BE1B917-3942-4F6E-8844-1B6E5AE57FBA}.Debug|Any CPU.Build.0 = Debug|Any CPU
		{9BE1B917-3942-4F6E-8844-1B6E5AE57FBA}.Debug|x64.ActiveCfg = Debug|Any CPU
		{9BE1B917-3942-4F6E-8844-1B6E5AE57FBA}.Debug|x64.Build.0 = Debug|Any CPU
		{9BE1B917-3942-4F6E-8844-1B6E5AE57FBA}.Debug|x86.ActiveCfg = Debug|Any CPU
		{9BE1B917-3942-4F6E-8844-1B6E5AE57FBA}.Debug|x86.Build.0 = Debug|Any CPU
		{9BE1B917-3942-4F6E-8844-1B6E5AE57FBA}.Release|Any CPU.ActiveCfg = Release|Any CPU
		{9BE1B917-3942-4F6E-8844-1B6E5AE57FBA}.Release|Any CPU.Build.0 = Release|Any CPU
		{9BE1B917-3942-4F6E-8844-1B6E5AE57FBA}.Release|x64.ActiveCfg = Release|Any CPU
		{9BE1B917-3942-4F6E-8844-1B6E5AE57FBA}.Release|x64.Build.0 = Release|Any CPU
		{9BE1B917-3942-4F6E-8844-1B6E5AE57FBA}.Release|x86.ActiveCfg = Release|Any CPU
		{9BE1B917-3942-4F6E-8844-1B6E5AE57FBA}.Release|x86.Build.0 = Release|Any CPU
	EndGlobalSection
	GlobalSection(SolutionProperties) = preSolution
		HideSolutionNode = FALSE
	EndGlobalSection
	GlobalSection(NestedProjects) = preSolution
		{5EF365B1-C51C-4DF9-A41C-2B20E49B0088} = {FE6934E8-616E-4D4C-8018-507809838E96}
		{9BE1B917-3942-4F6E-8844-1B6E5AE57FBA} = {CD7AAA55-4C5C-4709-9099-F1C84BCA850B}
	EndGlobalSection
	GlobalSection(ExtensibilityGlobals) = postSolution
		SolutionGuid = {c8e0133c-7a14-4842-9fbe-77fed39aa539}
	EndGlobalSection
EndGlobal
